
Microsoft Visual Studio Solution File, Format Version 12.00
# Visual Studio Version 17
VisualStudioVersion = 17.0.31903.59
MinimumVisualStudioVersion = 10.0.40219.1
Project("{FAE04EC0-301F-11D3-BF4B-00C04F79EFBC}") = "CandidateManagement.Domain", "CandidateManagement.Domain\CandidateManagement.Domain.csproj", "{FADCE03A-7431-4116-A09F-B71838C75CF5}"
EndProject
Project("{FAE04EC0-301F-11D3-BF4B-00C04F79EFBC}") = "CandidateManagement.Application", "CandidateManagement.Application\CandidateManagement.Application.csproj", "{EBD4F1C4-7DCF-41D0-8526-6AB5308C365A}"
EndProject
Project("{FAE04EC0-301F-11D3-BF4B-00C04F79EFBC}") = "CandidateManagement.Infrastructure", "CandidateManagement.Infrastructure\CandidateManagement.Infrastructure.csproj", "{1D3FCF42-25B8-4882-80F4-95E3138ABDAD}"
EndProject
Project("{FAE04EC0-301F-11D3-BF4B-00C04F79EFBC}") = "CandidateManagement.Api", "CandidateManagement.Api\CandidateManagement.Api.csproj", "{76FCC046-5647-418B-B73C-629F5373009B}"
EndProject
Global
	GlobalSection(SolutionConfigurationPlatforms) = preSolution
		Debug|Any CPU = Debug|Any CPU
		Debug|x64 = Debug|x64
		Debug|x86 = Debug|x86
		Release|Any CPU = Release|Any CPU
		Release|x64 = Release|x64
		Release|x86 = Release|x86
	EndGlobalSection
	GlobalSection(ProjectConfigurationPlatforms) = postSolution
		{FADCE03A-7431-4116-A09F-B71838C75CF5}.Debug|Any CPU.ActiveCfg = Debug|Any CPU
		{FADCE03A-7431-4116-A09F-B71838C75CF5}.Debug|Any CPU.Build.0 = Debug|Any CPU
		{FADCE03A-7431-4116-A09F-B71838C75CF5}.Debug|x64.ActiveCfg = Debug|Any CPU
		{FADCE03A-7431-4116-A09F-B71838C75CF5}.Debug|x64.Build.0 = Debug|Any CPU
		{FADCE03A-7431-4116-A09F-B71838C75CF5}.Debug|x86.ActiveCfg = Debug|Any CPU
		{FADCE03A-7431-4116-A09F-B71838C75CF5}.Debug|x86.Build.0 = Debug|Any CPU
		{FADCE03A-7431-4116-A09F-B71838C75CF5}.Release|Any CPU.ActiveCfg = Release|Any CPU
		{FADCE03A-7431-4116-A09F-B71838C75CF5}.Release|Any CPU.Build.0 = Release|Any CPU
		{FADCE03A-7431-4116-A09F-B71838C75CF5}.Release|x64.ActiveCfg = Release|Any CPU
		{FADCE03A-7431-4116-A09F-B71838C75CF5}.Release|x64.Build.0 = Release|Any CPU
		{FADCE03A-7431-4116-A09F-B71838C75CF5}.Release|x86.ActiveCfg = Release|Any CPU
		{FADCE03A-7431-4116-A09F-B71838C75CF5}.Release|x86.Build.0 = Release|Any CPU
		{EBD4F1C4-7DCF-41D0-8526-6AB5308C365A}.Debug|Any CPU.ActiveCfg = Debug|Any CPU
		{EBD4F1C4-7DCF-41D0-8526-6AB5308C365A}.Debug|Any CPU.Build.0 = Debug|Any CPU
		{EBD4F1C4-7DCF-41D0-8526-6AB5308C365A}.Debug|x64.ActiveCfg = Debug|Any CPU
		{EBD4F1C4-7DCF-41D0-8526-6AB5308C365A}.Debug|x64.Build.0 = Debug|Any CPU
		{EBD4F1C4-7DCF-41D0-8526-6AB5308C365A}.Debug|x86.ActiveCfg = Debug|Any CPU
		{EBD4F1C4-7DCF-41D0-8526-6AB5308C365A}.Debug|x86.Build.0 = Debug|Any CPU
		{EBD4F1C4-7DCF-41D0-8526-6AB5308C365A}.Release|Any CPU.ActiveCfg = Release|Any CPU
		{EBD4F1C4-7DCF-41D0-8526-6AB5308C365A}.Release|Any CPU.Build.0 = Release|Any CPU
		{EBD4F1C4-7DCF-41D0-8526-6AB5308C365A}.Release|x64.ActiveCfg = Release|Any CPU
		{EBD4F1C4-7DCF-41D0-8526-6AB5308C365A}.Release|x64.Build.0 = Release|Any CPU
		{EBD4F1C4-7DCF-41D0-8526-6AB5308C365A}.Release|x86.ActiveCfg = Release|Any CPU
		{EBD4F1C4-7DCF-41D0-8526-6AB5308C365A}.Release|x86.Build.0 = Release|Any CPU
		{1D3FCF42-25B8-4882-80F4-95E3138ABDAD}.Debug|Any CPU.ActiveCfg = Debug|Any CPU
		{1D3FCF42-25B8-4882-80F4-95E3138ABDAD}.Debug|Any CPU.Build.0 = Debug|Any CPU
		{1D3FCF42-25B8-4882-80F4-95E3138ABDAD}.Debug|x64.ActiveCfg = Debug|Any CPU
		{1D3FCF42-25B8-4882-80F4-95E3138ABDAD}.Debug|x64.Build.0 = Debug|Any CPU
		{1D3FCF42-25B8-4882-80F4-95E3138ABDAD}.Debug|x86.ActiveCfg = Debug|Any CPU
		{1D3FCF42-25B8-4882-80F4-95E3138ABDAD}.Debug|x86.Build.0 = Debug|Any CPU
		{1D3FCF42-25B8-4882-80F4-95E3138ABDAD}.Release|Any CPU.ActiveCfg = Release|Any CPU
		{1D3FCF42-25B8-4882-80F4-95E3138ABDAD}.Release|Any CPU.Build.0 = Release|Any CPU
		{1D3FCF42-25B8-4882-80F4-95E3138ABDAD}.Release|x64.ActiveCfg = Release|Any CPU
		{1D3FCF42-25B8-4882-80F4-95E3138ABDAD}.Release|x64.Build.0 = Release|Any CPU
		{1D3FCF42-25B8-4882-80F4-95E3138ABDAD}.Release|x86.ActiveCfg = Release|Any CPU
		{1D3FCF42-25B8-4882-80F4-95E3138ABDAD}.Release|x86.Build.0 = Release|Any CPU
		{76FCC046-5647-418B-B73C-629F5373009B}.Debug|Any CPU.ActiveCfg = Debug|Any CPU
		{76FCC046-5647-418B-B73C-629F5373009B}.Debug|Any CPU.Build.0 = Debug|Any CPU
		{76FCC046-5647-418B-B73C-629F5373009B}.Debug|x64.ActiveCfg = Debug|Any CPU
		{76FCC046-5647-418B-B73C-629F5373009B}.Debug|x64.Build.0 = Debug|Any CPU
		{76FCC046-5647-418B-B73C-629F5373009B}.Debug|x86.ActiveCfg = Debug|Any CPU
		{76FCC046-5647-418B-B73C-629F5373009B}.Debug|x86.Build.0 = Debug|Any CPU
		{76FCC046-5647-418B-B73C-629F5373009B}.Release|Any CPU.ActiveCfg = Release|Any CPU
		{76FCC046-5647-418B-B73C-629F5373009B}.Release|Any CPU.Build.0 = Release|Any CPU
		{76FCC046-5647-418B-B73C-629F5373009B}.Release|x64.ActiveCfg = Release|Any CPU
		{76FCC046-5647-418B-B73C-629F5373009B}.Release|x64.Build.0 = Release|Any CPU
		{76FCC046-5647-418B-B73C-629F5373009B}.Release|x86.ActiveCfg = Release|Any CPU
		{76FCC046-5647-418B-B73C-629F5373009B}.Release|x86.Build.0 = Release|Any CPU
	EndGlobalSection
	GlobalSection(SolutionProperties) = preSolution
		HideSolutionNode = FALSE
	EndGlobalSection
EndGlobal
